
Microsoft Visual Studio Solution File, Format Version 12.00
# Visual Studio 15
VisualStudioVersion = 15.0.27703.2035
MinimumVisualStudioVersion = 10.0.40219.1
Project("{FAE04EC0-301F-11D3-BF4B-00C04F79EFBC}") = "CGM208 - Lesson2 - Exercise 3", "CGM208 - Lesson2 - Exercise 3\CGM208 - Lesson2 - Exercise 3.csproj", "{B1230894-4BED-45FA-B69A-F11CA15CE9CF}"
EndProject
Global
	GlobalSection(SolutionConfigurationPlatforms) = preSolution
		Debug|Any CPU = Debug|Any CPU
		Release|Any CPU = Release|Any CPU
	EndGlobalSection
	GlobalSection(ProjectConfigurationPlatforms) = postSolution
		{B1230894-4BED-45FA-B69A-F11CA15CE9CF}.Debug|Any CPU.ActiveCfg = Debug|Any CPU
		{B1230894-4BED-45FA-B69A-F11CA15CE9CF}.Debug|Any CPU.Build.0 = Debug|Any CPU
		{B1230894-4BED-45FA-B69A-F11CA15CE9CF}.Release|Any CPU.ActiveCfg = Release|Any CPU
		{B1230894-4BED-45FA-B69A-F11CA15CE9CF}.Release|Any CPU.Build.0 = Release|Any CPU
	EndGlobalSection
	GlobalSection(SolutionProperties) = preSolution
		HideSolutionNode = FALSE
	EndGlobalSection
	GlobalSection(ExtensibilityGlobals) = postSolution
		SolutionGuid = {DB61ABEB-B136-489F-85FF-CE4C653016AA}
	EndGlobalSection
EndGlobal
